# This file is generated by running "yarn install" inside your project.
# Manual changes might be lost - proceed with caution!

__metadata:
  version: 8
  cacheKey: 10c0

"@trpc/client@npm:^11.17.0":
  version: 11.17.0
  resolution: "@trpc/client@npm:11.17.0"
  peerDependencies:
    "@trpc/server": 11.17.0
    typescript: ">=5.7.2"
  bin:
    intent: bin/intent.js
  checksum: 10c0/f18061128f28a5a5e27551d5facf11e10a591a2e8e28d93601cebf541025f3aee459500d252343e25e4d7e913623cdd3455e1fab23979cb83e174cecd40e3163
  languageName: node
  linkType: hard

"@trpc/server@npm:^11.17.0":
  version: 11.17.0
  resolution: "@trpc/server@npm:11.17.0"
  peerDependencies:
    typescript: ">=5.7.2"
  bin:
    intent: bin/intent.js
  checksum: 10c0/84c1a1db748d69f248ef52631e75d4f0fe029f60990b6fdca28356a52d73f8881ab6c0e1ea56026e5a1ab7bbd97d710bc99351290407f5601620bafdfeacf06f
  languageName: node
  linkType: hard

"@types/node@npm:^25.7.0":
  version: 25.7.0
  resolution: "@types/node@npm:25.7.0"
  dependencies:
    undici-types: "npm:~7.21.0"
  checksum: 10c0/47ec7eaca154c36ad6d1ac0270e6e254eedf20b9dc49afe3bc76e4f7eba29ceac705f8903b162aeaf40e3941101ffe76ffb374989359ea3ef8c8509d8b443f55
  languageName: node
  linkType: hard

"typescript@npm:^6.0.3":
  version: 6.0.3
  resolution: "typescript@npm:6.0.3"
  bin:
    tsc: bin/tsc
    tsserver: bin/tsserver
  checksum: 10c0/4a25ff5045b984370f48f196b3a0120779b1b343d40b9a68d114ea5e5fff099809b2bb777576991a63a5cd59cf7bffd96ff6fe10afcefbcb8bd6fb96ad4b6606
  languageName: node
  linkType: hard

"typescript@patch:typescript@npm%3A^6.0.3#optional!builtin<compat/typescript>":
  version: 6.0.3
  resolution: "typescript@patch:typescript@npm%3A6.0.3#optional!builtin<compat/typescript>::version=6.0.3&hash=5786d5"
  bin:
    tsc: bin/tsc
    tsserver: bin/tsserver
  checksum: 10c0/2f25c74e65663c248fa1ade2b8459d9ce5372ff9dad07067310f132966ebec1d93f6c42f0baf77a6b6a7a91460463f708e6887013aaade22111037457c6b25df
  languageName: node
  linkType: hard

"undici-types@npm:~7.21.0":
  version: 7.21.0
  resolution: "undici-types@npm:7.21.0"
  checksum: 10c0/c3b4ae5f066c398acb1962505b56214ecd72843f7d7827fcc2df7a48a63d1639d3608c580ac09f836253d21fa7ba8f1a04440569ed9d332474ad01b8a010db87
  languageName: node
  linkType: hard

"zod@npm:4.4.3":
  version: 4.4.3
  resolution: "zod@npm:4.4.3"
  checksum: 10c0/7ea31b558e88f9faf44f31dd185e2e1cbf51fed3081787fb96cc2534749b50c0acfc6da7f0922a7353ed092dd358c7d50c28ea96c94d04af64191bd33152eca3
  languageName: node
  linkType: hard

"zod@workspace:.":
  version: 0.0.0-use.local
  resolution: "zod@workspace:."
  dependencies:
    "@trpc/client": "npm:^11.17.0"
    "@trpc/server": "npm:^11.17.0"
    "@types/node": "npm:^25.7.0"
    typescript: "npm:^6.0.3"
    zod: "npm:4.4.3"
  languageName: unknown
  linkType: soft
